// !$*UTF8*$!
{
	archiveVersion = 1;
	classes = {
	};
	objectVersion = 46;
	objects = {

/* Begin PBXBuildFile section */
		75EBAFEE7F794A8BB5F34943 /* libPods-EGSnakeTests.a in Frameworks */ = {isa = PBXBuildFile; fileRef = 6BDD78C065D34339BEAE1F0D /* libPods-EGSnakeTests.a */; };
		C8487F9518EFB8BB0049771D /* EGGameBoardTests.m in Sources */ = {isa = PBXBuildFile; fileRef = C8487F9418EFB8BB0049771D /* EGGameBoardTests.m */; };
		C8487F9718EFB9B30049771D /* EGGameControllerTests.m in Sources */ = {isa = PBXBuildFile; fileRef = C8487F9618EFB9B30049771D /* EGGameControllerTests.m */; };
		C8487F9B18EFBD230049771D /* EGSimpleGameView.m in Sources */ = {isa = PBXBuildFile; fileRef = C8487F9A18EFBD230049771D /* EGSimpleGameView.m */; };
		C8487F9D18EFCB480049771D /* EGAppleTests.m in Sources */ = {isa = PBXBuildFile; fileRef = C8487F9C18EFCB480049771D /* EGAppleTests.m */; };
		C8487FA018EFCBD90049771D /* EGApple.m in Sources */ = {isa = PBXBuildFile; fileRef = C8487F9F18EFCBD90049771D /* EGApple.m */; };
		C8487FA218EFDA8F0049771D /* EGGameViewController.xib in Resources */ = {isa = PBXBuildFile; fileRef = C8487FA118EFDA8F0049771D /* EGGameViewController.xib */; };
		C8487FA718EFF4DE0049771D /* QuartzCore.framework in Frameworks */ = {isa = PBXBuildFile; fileRef = C8487FA318EFF42B0049771D /* QuartzCore.framework */; };
		C88BF3A618EED4DC00F545A5 /* Foundation.framework in Frameworks */ = {isa = PBXBuildFile; fileRef = C88BF3A518EED4DC00F545A5 /* Foundation.framework */; };
		C88BF3A818EED4DC00F545A5 /* CoreGraphics.framework in Frameworks */ = {isa = PBXBuildFile; fileRef = C88BF3A718EED4DC00F545A5 /* CoreGraphics.framework */; };
		C88BF3AA18EED4DC00F545A5 /* UIKit.framework in Frameworks */ = {isa = PBXBuildFile; fileRef = C88BF3A918EED4DC00F545A5 /* UIKit.framework */; };
		C88BF3B018EED4DC00F545A5 /* InfoPlist.strings in Resources */ = {isa = PBXBuildFile; fileRef = C88BF3AE18EED4DC00F545A5 /* InfoPlist.strings */; };
		C88BF3B218EED4DC00F545A5 /* main.m in Sources */ = {isa = PBXBuildFile; fileRef = C88BF3B118EED4DC00F545A5 /* main.m */; };
		C88BF3B618EED4DC00F545A5 /* EGAppDelegate.m in Sources */ = {isa = PBXBuildFile; fileRef = C88BF3B518EED4DC00F545A5 /* EGAppDelegate.m */; };
		C88BF3B818EED4DC00F545A5 /* Images.xcassets in Resources */ = {isa = PBXBuildFile; fileRef = C88BF3B718EED4DC00F545A5 /* Images.xcassets */; };
		C88BF3BF18EED4DC00F545A5 /* XCTest.framework in Frameworks */ = {isa = PBXBuildFile; fileRef = C88BF3BE18EED4DC00F545A5 /* XCTest.framework */; };
		C88BF3C018EED4DC00F545A5 /* Foundation.framework in Frameworks */ = {isa = PBXBuildFile; fileRef = C88BF3A518EED4DC00F545A5 /* Foundation.framework */; };
		C88BF3C118EED4DC00F545A5 /* UIKit.framework in Frameworks */ = {isa = PBXBuildFile; fileRef = C88BF3A918EED4DC00F545A5 /* UIKit.framework */; };
		C88BF3C918EED4DC00F545A5 /* InfoPlist.strings in Resources */ = {isa = PBXBuildFile; fileRef = C88BF3C718EED4DC00F545A5 /* InfoPlist.strings */; };
		C88BF3D618EED52A00F545A5 /* EGSnake.m in Sources */ = {isa = PBXBuildFile; fileRef = C88BF3D518EED52A00F545A5 /* EGSnake.m */; };
		C88BF3D918EED54A00F545A5 /* EGSnakeTests.m in Sources */ = {isa = PBXBuildFile; fileRef = C88BF3D818EED54A00F545A5 /* EGSnakeTests.m */; };
		C88BF3DE18EEDD9000F545A5 /* EGGridPoint.m in Sources */ = {isa = PBXBuildFile; fileRef = C88BF3DD18EEDD9000F545A5 /* EGGridPoint.m */; };
		C88BF3E118EEDF2A00F545A5 /* EGGridPointTests.m in Sources */ = {isa = PBXBuildFile; fileRef = C88BF3E018EEDF2A00F545A5 /* EGGridPointTests.m */; };
		C88CF96818EF0BE2000E15C7 /* EGGameBoard.m in Sources */ = {isa = PBXBuildFile; fileRef = C88CF96718EF0BE2000E15C7 /* EGGameBoard.m */; };
		C88CF96E18EF13BB000E15C7 /* EGGameController.m in Sources */ = {isa = PBXBuildFile; fileRef = C88CF96D18EF13BB000E15C7 /* EGGameController.m */; };
		C8F76AAD18EEF6EF004CE03C /* EGGameViewController.m in Sources */ = {isa = PBXBuildFile; fileRef = C8F76AAC18EEF6EF004CE03C /* EGGameViewController.m */; };
		C8F76AB118EEFACC004CE03C /* EGAbstractGameView.m in Sources */ = {isa = PBXBuildFile; fileRef = C8F76AB018EEFACC004CE03C /* EGAbstractGameView.m */; };
/* End PBXBuildFile section */

/* Begin PBXContainerItemProxy section */
		C88BF3C218EED4DC00F545A5 /* PBXContainerItemProxy */ = {
			isa = PBXContainerItemProxy;
			containerPortal = C88BF39A18EED4DC00F545A5 /* Project object */;
			proxyType = 1;
			remoteGlobalIDString = C88BF3A118EED4DC00F545A5;
			remoteInfo = EGSnake;
		};
/* End PBXContainerItemProxy section */

/* Begin PBXFileReference section */
		6BDD78C065D34339BEAE1F0D /* libPods-EGSnakeTests.a */ = {isa = PBXFileReference; explicitFileType = archive.ar; includeInIndex = 0; path = "libPods-EGSnakeTests.a"; sourceTree = BUILT_PRODUCTS_DIR; };
		B60045D064F6436F8EE31A32 /* Pods-EGSnakeTests.xcconfig */ = {isa = PBXFileReference; includeInIndex = 1; lastKnownFileType = text.xcconfig; name = "Pods-EGSnakeTests.xcconfig"; path = "Pods/Pods-EGSnakeTests.xcconfig"; sourceTree = "<group>"; };
		C8487F9418EFB8BB0049771D /* EGGameBoardTests.m */ = {isa = PBXFileReference; fileEncoding = 4; lastKnownFileType = sourcecode.c.objc; path = EGGameBoardTests.m; sourceTree = "<group>"; };
		C8487F9618EFB9B30049771D /* EGGameControllerTests.m */ = {isa = PBXFileReference; fileEncoding = 4; lastKnownFileType = sourcecode.c.objc; path = EGGameControllerTests.m; sourceTree = "<group>"; };
		C8487F9918EFBD230049771D /* EGSimpleGameView.h */ = {isa = PBXFileReference; fileEncoding = 4; lastKnownFileType = sourcecode.c.h; path = EGSimpleGameView.h; sourceTree = "<group>"; };
		C8487F9A18EFBD230049771D /* EGSimpleGameView.m */ = {isa = PBXFileReference; fileEncoding = 4; lastKnownFileType = sourcecode.c.objc; path = EGSimpleGameView.m; sourceTree = "<group>"; };
		C8487F9C18EFCB480049771D /* EGAppleTests.m */ = {isa = PBXFileReference; fileEncoding = 4; lastKnownFileType = sourcecode.c.objc; path = EGAppleTests.m; sourceTree = "<group>"; };
		C8487F9E18EFCBD90049771D /* EGApple.h */ = {isa = PBXFileReference; fileEncoding = 4; lastKnownFileType = sourcecode.c.h; path = EGApple.h; sourceTree = "<group>"; };
		C8487F9F18EFCBD90049771D /* EGApple.m */ = {isa = PBXFileReference; fileEncoding = 4; lastKnownFileType = sourcecode.c.objc; path = EGApple.m; sourceTree = "<group>"; };
		C8487FA118EFDA8F0049771D /* EGGameViewController.xib */ = {isa = PBXFileReference; fileEncoding = 4; lastKnownFileType = file.xib; path = EGGameViewController.xib; sourceTree = "<group>"; };
		C8487FA318EFF42B0049771D /* QuartzCore.framework */ = {isa = PBXFileReference; lastKnownFileType = wrapper.framework; name = QuartzCore.framework; path = System/Library/Frameworks/QuartzCore.framework; sourceTree = SDKROOT; };
		C8487FA518EFF4840049771D /* QuickLook.framework */ = {isa = PBXFileReference; lastKnownFileType = wrapper.framework; name = QuickLook.framework; path = System/Library/Frameworks/QuickLook.framework; sourceTree = SDKROOT; };
		C88BF3A218EED4DC00F545A5 /* EGSnake.app */ = {isa = PBXFileReference; explicitFileType = wrapper.application; includeInIndex = 0; path = EGSnake.app; sourceTree = BUILT_PRODUCTS_DIR; };
		C88BF3A518EED4DC00F545A5 /* Foundation.framework */ = {isa = PBXFileReference; lastKnownFileType = wrapper.framework; name = Foundation.framework; path = System/Library/Frameworks/Foundation.framework; sourceTree = SDKROOT; };
		C88BF3A718EED4DC00F545A5 /* CoreGraphics.framework */ = {isa = PBXFileReference; lastKnownFileType = wrapper.framework; name = CoreGraphics.framework; path = System/Library/Frameworks/CoreGraphics.framework; sourceTree = SDKROOT; };
		C88BF3A918EED4DC00F545A5 /* UIKit.framework */ = {isa = PBXFileReference; lastKnownFileType = wrapper.framework; name = UIKit.framework; path = System/Library/Frameworks/UIKit.framework; sourceTree = SDKROOT; };
		C88BF3AD18EED4DC00F545A5 /* EGSnake-Info.plist */ = {isa = PBXFileReference; lastKnownFileType = text.plist.xml; path = "EGSnake-Info.plist"; sourceTree = "<group>"; };
		C88BF3AF18EED4DC00F545A5 /* en */ = {isa = PBXFileReference; lastKnownFileType = text.plist.strings; name = en; path = en.lproj/InfoPlist.strings; sourceTree = "<group>"; };
		C88BF3B118EED4DC00F545A5 /* main.m */ = {isa = PBXFileReference; lastKnownFileType = sourcecode.c.objc; path = main.m; sourceTree = "<group>"; };
		C88BF3B318EED4DC00F545A5 /* EGSnake-Prefix.pch */ = {isa = PBXFileReference; lastKnownFileType = sourcecode.c.h; path = "EGSnake-Prefix.pch"; sourceTree = "<group>"; };
		C88BF3B418EED4DC00F545A5 /* EGAppDelegate.h */ = {isa = PBXFileReference; lastKnownFileType = sourcecode.c.h; path = EGAppDelegate.h; sourceTree = "<group>"; };
		C88BF3B518EED4DC00F545A5 /* EGAppDelegate.m */ = {isa = PBXFileReference; lastKnownFileType = sourcecode.c.objc; path = EGAppDelegate.m; sourceTree = "<group>"; };
		C88BF3B718EED4DC00F545A5 /* Images.xcassets */ = {isa = PBXFileReference; lastKnownFileType = folder.assetcatalog; name = Images.xcassets; path = EGSnake/Images.xcassets; sourceTree = "<group>"; };
		C88BF3BD18EED4DC00F545A5 /* EGSnakeTests.xctest */ = {isa = PBXFileReference; explicitFileType = wrapper.cfbundle; includeInIndex = 0; path = EGSnakeTests.xctest; sourceTree = BUILT_PRODUCTS_DIR; };
		C88BF3BE18EED4DC00F545A5 /* XCTest.framework */ = {isa = PBXFileReference; lastKnownFileType = wrapper.framework; name = XCTest.framework; path = Library/Frameworks/XCTest.framework; sourceTree = DEVELOPER_DIR; };
		C88BF3C618EED4DC00F545A5 /* EGSnakeTests-Info.plist */ = {isa = PBXFileReference; lastKnownFileType = text.plist.xml; path = "EGSnakeTests-Info.plist"; sourceTree = "<group>"; };
		C88BF3C818EED4DC00F545A5 /* en */ = {isa = PBXFileReference; lastKnownFileType = text.plist.strings; name = en; path = en.lproj/InfoPlist.strings; sourceTree = "<group>"; };
		C88BF3D418EED52A00F545A5 /* EGSnake.h */ = {isa = PBXFileReference; fileEncoding = 4; lastKnownFileType = sourcecode.c.h; path = EGSnake.h; sourceTree = "<group>"; };
		C88BF3D518EED52A00F545A5 /* EGSnake.m */ = {isa = PBXFileReference; fileEncoding = 4; lastKnownFileType = sourcecode.c.objc; path = EGSnake.m; sourceTree = "<group>"; };
		C88BF3D818EED54A00F545A5 /* EGSnakeTests.m */ = {isa = PBXFileReference; fileEncoding = 4; lastKnownFileType = sourcecode.c.objc; path = EGSnakeTests.m; sourceTree = "<group>"; };
		C88BF3DC18EEDD9000F545A5 /* EGGridPoint.h */ = {isa = PBXFileReference; fileEncoding = 4; lastKnownFileType = sourcecode.c.h; path = EGGridPoint.h; sourceTree = "<group>"; };
		C88BF3DD18EEDD9000F545A5 /* EGGridPoint.m */ = {isa = PBXFileReference; fileEncoding = 4; lastKnownFileType = sourcecode.c.objc; path = EGGridPoint.m; sourceTree = "<group>"; };
		C88BF3DF18EEDE6A00F545A5 /* EGSnakeTests-PrefixHeader.pch */ = {isa = PBXFileReference; fileEncoding = 4; lastKnownFileType = sourcecode.c.h; path = "EGSnakeTests-PrefixHeader.pch"; sourceTree = "<group>"; };
		C88BF3E018EEDF2A00F545A5 /* EGGridPointTests.m */ = {isa = PBXFileReference; fileEncoding = 4; lastKnownFileType = sourcecode.c.objc; path = EGGridPointTests.m; sourceTree = "<group>"; };
		C88CF96618EF0BE2000E15C7 /* EGGameBoard.h */ = {isa = PBXFileReference; fileEncoding = 4; lastKnownFileType = sourcecode.c.h; path = EGGameBoard.h; sourceTree = "<group>"; };
		C88CF96718EF0BE2000E15C7 /* EGGameBoard.m */ = {isa = PBXFileReference; fileEncoding = 4; lastKnownFileType = sourcecode.c.objc; path = EGGameBoard.m; sourceTree = "<group>"; };
		C88CF96C18EF13BB000E15C7 /* EGGameController.h */ = {isa = PBXFileReference; fileEncoding = 4; lastKnownFileType = sourcecode.c.h; path = EGGameController.h; sourceTree = "<group>"; };
		C88CF96D18EF13BB000E15C7 /* EGGameController.m */ = {isa = PBXFileReference; fileEncoding = 4; lastKnownFileType = sourcecode.c.objc; path = EGGameController.m; sourceTree = "<group>"; };
		C8F76AAB18EEF6EF004CE03C /* EGGameViewController.h */ = {isa = PBXFileReference; fileEncoding = 4; lastKnownFileType = sourcecode.c.h; path = EGGameViewController.h; sourceTree = "<group>"; };
		C8F76AAC18EEF6EF004CE03C /* EGGameViewController.m */ = {isa = PBXFileReference; fileEncoding = 4; lastKnownFileType = sourcecode.c.objc; path = EGGameViewController.m; sourceTree = "<group>"; };
		C8F76AAF18EEFACC004CE03C /* EGAbstractGameView.h */ = {isa = PBXFileReference; fileEncoding = 4; lastKnownFileType = sourcecode.c.h; path = EGAbstractGameView.h; sourceTree = "<group>"; };
		C8F76AB018EEFACC004CE03C /* EGAbstractGameView.m */ = {isa = PBXFileReference; fileEncoding = 4; lastKnownFileType = sourcecode.c.objc; path = EGAbstractGameView.m; sourceTree = "<group>"; };
/* End PBXFileReference section */

/* Begin PBXFrameworksBuildPhase section */
		C88BF39F18EED4DC00F545A5 /* Frameworks */ = {
			isa = PBXFrameworksBuildPhase;
			buildActionMask = 2147483647;
			files = (
				C8487FA718EFF4DE0049771D /* QuartzCore.framework in Frameworks */,
				C88BF3A818EED4DC00F545A5 /* CoreGraphics.framework in Frameworks */,
				C88BF3AA18EED4DC00F545A5 /* UIKit.framework in Frameworks */,
				C88BF3A618EED4DC00F545A5 /* Foundation.framework in Frameworks */,
			);
			runOnlyForDeploymentPostprocessing = 0;
		};
		C88BF3BA18EED4DC00F545A5 /* Frameworks */ = {
			isa = PBXFrameworksBuildPhase;
			buildActionMask = 2147483647;
			files = (
				C88BF3BF18EED4DC00F545A5 /* XCTest.framework in Frameworks */,
				C88BF3C118EED4DC00F545A5 /* UIKit.framework in Frameworks */,
				C88BF3C018EED4DC00F545A5 /* Foundation.framework in Frameworks */,
				75EBAFEE7F794A8BB5F34943 /* libPods-EGSnakeTests.a in Frameworks */,
			);
			runOnlyForDeploymentPostprocessing = 0;
		};
/* End PBXFrameworksBuildPhase section */

/* Begin PBXGroup section */
		C8487F9818EFB9B70049771D /* Controller */ = {
			isa = PBXGroup;
			children = (
				C8487F9618EFB9B30049771D /* EGGameControllerTests.m */,
			);
			name = Controller;
			sourceTree = "<group>";
		};
		C88BF39918EED4DC00F545A5 = {
			isa = PBXGroup;
			children = (
				C88BF3AB18EED4DC00F545A5 /* EGSnake */,
				C88BF3AC18EED4DC00F545A5 /* Supporting Files */,
				C88BF3B718EED4DC00F545A5 /* Images.xcassets */,
				C88BF3C418EED4DC00F545A5 /* EGSnakeTests */,
				C88BF3A418EED4DC00F545A5 /* Frameworks */,
				C88BF3A318EED4DC00F545A5 /* Products */,
				B60045D064F6436F8EE31A32 /* Pods-EGSnakeTests.xcconfig */,
			);
			sourceTree = "<group>";
		};
		C88BF3A318EED4DC00F545A5 /* Products */ = {
			isa = PBXGroup;
			children = (
				C88BF3A218EED4DC00F545A5 /* EGSnake.app */,
				C88BF3BD18EED4DC00F545A5 /* EGSnakeTests.xctest */,
			);
			name = Products;
			sourceTree = "<group>";
		};
		C88BF3A418EED4DC00F545A5 /* Frameworks */ = {
			isa = PBXGroup;
			children = (
				C8487FA518EFF4840049771D /* QuickLook.framework */,
				C8487FA318EFF42B0049771D /* QuartzCore.framework */,
				C88BF3A518EED4DC00F545A5 /* Foundation.framework */,
				C88BF3A718EED4DC00F545A5 /* CoreGraphics.framework */,
				C88BF3A918EED4DC00F545A5 /* UIKit.framework */,
				C88BF3BE18EED4DC00F545A5 /* XCTest.framework */,
				6BDD78C065D34339BEAE1F0D /* libPods-EGSnakeTests.a */,
			);
			name = Frameworks;
			sourceTree = "<group>";
		};
		C88BF3AB18EED4DC00F545A5 /* EGSnake */ = {
			isa = PBXGroup;
			children = (
				C88BF3B418EED4DC00F545A5 /* EGAppDelegate.h */,
				C88BF3B518EED4DC00F545A5 /* EGAppDelegate.m */,
				C88BF3D718EED52E00F545A5 /* Model */,
				C8F76AAE18EEF6F3004CE03C /* View Controller */,
				C8F76AB218EEFACF004CE03C /* View */,
				C8487FA118EFDA8F0049771D /* EGGameViewController.xib */,
			);
			path = EGSnake;
			sourceTree = "<group>";
		};
		C88BF3AC18EED4DC00F545A5 /* Supporting Files */ = {
			isa = PBXGroup;
			children = (
				C88BF3AD18EED4DC00F545A5 /* EGSnake-Info.plist */,
				C88BF3AE18EED4DC00F545A5 /* InfoPlist.strings */,
				C88BF3B118EED4DC00F545A5 /* main.m */,
				C88BF3B318EED4DC00F545A5 /* EGSnake-Prefix.pch */,
			);
			name = "Supporting Files";
			path = EGSnake;
			sourceTree = "<group>";
		};
		C88BF3C418EED4DC00F545A5 /* EGSnakeTests */ = {
			isa = PBXGroup;
			children = (
				C8487F9818EFB9B70049771D /* Controller */,
				C88BF3DA18EED54D00F545A5 /* Model */,
				C88BF3C518EED4DC00F545A5 /* Supporting Files */,
			);
			path = EGSnakeTests;
			sourceTree = "<group>";
		};
		C88BF3C518EED4DC00F545A5 /* Supporting Files */ = {
			isa = PBXGroup;
			children = (
				C88BF3C618EED4DC00F545A5 /* EGSnakeTests-Info.plist */,
				C88BF3C718EED4DC00F545A5 /* InfoPlist.strings */,
				C88BF3DF18EEDE6A00F545A5 /* EGSnakeTests-PrefixHeader.pch */,
			);
			name = "Supporting Files";
			sourceTree = "<group>";
		};
		C88BF3D718EED52E00F545A5 /* Model */ = {
			isa = PBXGroup;
			children = (
				C88BF3D418EED52A00F545A5 /* EGSnake.h */,
				C88BF3D518EED52A00F545A5 /* EGSnake.m */,
				C88BF3DC18EEDD9000F545A5 /* EGGridPoint.h */,
				C88BF3DD18EEDD9000F545A5 /* EGGridPoint.m */,
				C88CF96618EF0BE2000E15C7 /* EGGameBoard.h */,
				C88CF96718EF0BE2000E15C7 /* EGGameBoard.m */,
				C8487F9E18EFCBD90049771D /* EGApple.h */,
				C8487F9F18EFCBD90049771D /* EGApple.m */,
			);
			name = Model;
			sourceTree = "<group>";
		};
		C88BF3DA18EED54D00F545A5 /* Model */ = {
			isa = PBXGroup;
			children = (
				C88BF3D818EED54A00F545A5 /* EGSnakeTests.m */,
				C88BF3E018EEDF2A00F545A5 /* EGGridPointTests.m */,
				C8487F9418EFB8BB0049771D /* EGGameBoardTests.m */,
				C8487F9C18EFCB480049771D /* EGAppleTests.m */,
			);
			name = Model;
			sourceTree = "<group>";
		};
		C8F76AAE18EEF6F3004CE03C /* View Controller */ = {
			isa = PBXGroup;
			children = (
				C8F76AAB18EEF6EF004CE03C /* EGGameViewController.h */,
				C8F76AAC18EEF6EF004CE03C /* EGGameViewController.m */,
				C88CF96C18EF13BB000E15C7 /* EGGameController.h */,
				C88CF96D18EF13BB000E15C7 /* EGGameController.m */,
			);
			name = "View Controller";
			sourceTree = "<group>";
		};
		C8F76AB218EEFACF004CE03C /* View */ = {
			isa = PBXGroup;
			children = (
				C8F76AAF18EEFACC004CE03C /* EGAbstractGameView.h */,
				C8F76AB018EEFACC004CE03C /* EGAbstractGameView.m */,
				C8487F9918EFBD230049771D /* EGSimpleGameView.h */,
				C8487F9A18EFBD230049771D /* EGSimpleGameView.m */,
			);
			name = View;
			sourceTree = "<group>";
		};
/* End PBXGroup section */

/* Begin PBXNativeTarget section */
		C88BF3A118EED4DC00F545A5 /* EGSnake */ = {
			isa = PBXNativeTarget;
			buildConfigurationList = C88BF3CE18EED4DC00F545A5 /* Build configuration list for PBXNativeTarget "EGSnake" */;
			buildPhases = (
				C88BF39E18EED4DC00F545A5 /* Sources */,
				C88BF39F18EED4DC00F545A5 /* Frameworks */,
				C88BF3A018EED4DC00F545A5 /* Resources */,
			);
			buildRules = (
			);
			dependencies = (
			);
			name = EGSnake;
			productName = EGSnake;
			productReference = C88BF3A218EED4DC00F545A5 /* EGSnake.app */;
			productType = "com.apple.product-type.application";
		};
		C88BF3BC18EED4DC00F545A5 /* EGSnakeTests */ = {
			isa = PBXNativeTarget;
			buildConfigurationList = C88BF3D118EED4DC00F545A5 /* Build configuration list for PBXNativeTarget "EGSnakeTests" */;
			buildPhases = (
				FB021D26653446BB9B0F397D /* Check Pods Manifest.lock */,
				C88BF3B918EED4DC00F545A5 /* Sources */,
				C88BF3BA18EED4DC00F545A5 /* Frameworks */,
				C88BF3BB18EED4DC00F545A5 /* Resources */,
				502E9A9AA0D943BE8052230A /* Copy Pods Resources */,
			);
			buildRules = (
			);
			dependencies = (
				C88BF3C318EED4DC00F545A5 /* PBXTargetDependency */,
			);
			name = EGSnakeTests;
			productName = EGSnakeTests;
			productReference = C88BF3BD18EED4DC00F545A5 /* EGSnakeTests.xctest */;
			productType = "com.apple.product-type.bundle.unit-test";
		};
/* End PBXNativeTarget section */

/* Begin PBXProject section */
		C88BF39A18EED4DC00F545A5 /* Project object */ = {
			isa = PBXProject;
			attributes = {
				CLASSPREFIX = EG;
				LastUpgradeCheck = 0510;
				ORGANIZATIONNAME = "Egist Li";
				TargetAttributes = {
					C88BF3BC18EED4DC00F545A5 = {
						TestTargetID = C88BF3A118EED4DC00F545A5;
					};
				};
			};
			buildConfigurationList = C88BF39D18EED4DC00F545A5 /* Build configuration list for PBXProject "EGSnake" */;
			compatibilityVersion = "Xcode 3.2";
			developmentRegion = English;
			hasScannedForEncodings = 0;
			knownRegions = (
				en,
			);
			mainGroup = C88BF39918EED4DC00F545A5;
			productRefGroup = C88BF3A318EED4DC00F545A5 /* Products */;
			projectDirPath = "";
			projectRoot = "";
			targets = (
				C88BF3A118EED4DC00F545A5 /* EGSnake */,
				C88BF3BC18EED4DC00F545A5 /* EGSnakeTests */,
			);
		};
/* End PBXProject section */

/* Begin PBXResourcesBuildPhase section */
		C88BF3A018EED4DC00F545A5 /* Resources */ = {
			isa = PBXResourcesBuildPhase;
			buildActionMask = 2147483647;
			files = (
				C8487FA218EFDA8F0049771D /* EGGameViewController.xib in Resources */,
				C88BF3B018EED4DC00F545A5 /* InfoPlist.strings in Resources */,
				C88BF3B818EED4DC00F545A5 /* Images.xcassets in Resources */,
			);
			runOnlyForDeploymentPostprocessing = 0;
		};
		C88BF3BB18EED4DC00F545A5 /* Resources */ = {
			isa = PBXResourcesBuildPhase;
			buildActionMask = 2147483647;
			files = (
				C88BF3C918EED4DC00F545A5 /* InfoPlist.strings in Resources */,
			);
			runOnlyForDeploymentPostprocessing = 0;
		};
/* End PBXResourcesBuildPhase section */

/* Begin PBXShellScriptBuildPhase section */
		502E9A9AA0D943BE8052230A /* Copy Pods Resources */ = {
			isa = PBXShellScriptBuildPhase;
			buildActionMask = 2147483647;
			files = (
			);
			inputPaths = (
			);
			name = "Copy Pods Resources";
			outputPaths = (
			);
			runOnlyForDeploymentPostprocessing = 0;
			shellPath = /bin/sh;
			shellScript = "\"${SRCROOT}/Pods/Pods-EGSnakeTests-resources.sh\"\n";
			showEnvVarsInLog = 0;
		};
		FB021D26653446BB9B0F397D /* Check Pods Manifest.lock */ = {
			isa = PBXShellScriptBuildPhase;
			buildActionMask = 2147483647;
			files = (
			);
			inputPaths = (
			);
			name = "Check Pods Manifest.lock";
			outputPaths = (
			);
			runOnlyForDeploymentPostprocessing = 0;
			shellPath = /bin/sh;
			shellScript = "diff \"${PODS_ROOT}/../Podfile.lock\" \"${PODS_ROOT}/Manifest.lock\" > /dev/null\nif [[ $? != 0 ]] ; then\n    cat << EOM\nerror: The sandbox is not in sync with the Podfile.lock. Run 'pod install' or update your CocoaPods installation.\nEOM\n    exit 1\nfi\n";
			showEnvVarsInLog = 0;
		};
/* End PBXShellScriptBuildPhase section */

/* Begin PBXSourcesBuildPhase section */
		C88BF39E18EED4DC00F545A5 /* Sources */ = {
			isa = PBXSourcesBuildPhase;
			buildActionMask = 2147483647;
			files = (
				C88CF96E18EF13BB000E15C7 /* EGGameController.m in Sources */,
				C8487F9B18EFBD230049771D /* EGSimpleGameView.m in Sources */,
				C88BF3DE18EEDD9000F545A5 /* EGGridPoint.m in Sources */,
				C88BF3B618EED4DC00F545A5 /* EGAppDelegate.m in Sources */,
				C8F76AB118EEFACC004CE03C /* EGAbstractGameView.m in Sources */,
				C88BF3D618EED52A00F545A5 /* EGSnake.m in Sources */,
				C88CF96818EF0BE2000E15C7 /* EGGameBoard.m in Sources */,
				C88BF3B218EED4DC00F545A5 /* main.m in Sources */,
				C8487FA018EFCBD90049771D /* EGApple.m in Sources */,
				C8F76AAD18EEF6EF004CE03C /* EGGameViewController.m in Sources */,
			);
			runOnlyForDeploymentPostprocessing = 0;
		};
		C88BF3B918EED4DC00F545A5 /* Sources */ = {
			isa = PBXSourcesBuildPhase;
			buildActionMask = 2147483647;
			files = (
				C88BF3E118EEDF2A00F545A5 /* EGGridPointTests.m in Sources */,
				C8487F9518EFB8BB0049771D /* EGGameBoardTests.m in Sources */,
				C88BF3D918EED54A00F545A5 /* EGSnakeTests.m in Sources */,
				C8487F9718EFB9B30049771D /* EGGameControllerTests.m in Sources */,
				C8487F9D18EFCB480049771D /* EGAppleTests.m in Sources */,
			);
			runOnlyForDeploymentPostprocessing = 0;
		};
/* End PBXSourcesBuildPhase section */

/* Begin PBXTargetDependency section */
		C88BF3C318EED4DC00F545A5 /* PBXTargetDependency */ = {
			isa = PBXTargetDependency;
			target = C88BF3A118EED4DC00F545A5 /* EGSnake */;
			targetProxy = C88BF3C218EED4DC00F545A5 /* PBXContainerItemProxy */;
		};
/* End PBXTargetDependency section */

/* Begin PBXVariantGroup section */
		C88BF3AE18EED4DC00F545A5 /* InfoPlist.strings */ = {
			isa = PBXVariantGroup;
			children = (
				C88BF3AF18EED4DC00F545A5 /* en */,
			);
			name = InfoPlist.strings;
			sourceTree = "<group>";
		};
		C88BF3C718EED4DC00F545A5 /* InfoPlist.strings */ = {
			isa = PBXVariantGroup;
			children = (
				C88BF3C818EED4DC00F545A5 /* en */,
			);
			name = InfoPlist.strings;
			sourceTree = "<group>";
		};
/* End PBXVariantGroup section */

/* Begin XCBuildConfiguration section */
		C88BF3CC18EED4DC00F545A5 /* Debug */ = {
			isa = XCBuildConfiguration;
			buildSettings = {
				ALWAYS_SEARCH_USER_PATHS = NO;
				CLANG_CXX_LANGUAGE_STANDARD = "gnu++0x";
				CLANG_CXX_LIBRARY = "libc++";
				CLANG_ENABLE_MODULES = NO;
				CLANG_ENABLE_OBJC_ARC = YES;
				CLANG_WARN_BOOL_CONVERSION = YES;
				CLANG_WARN_CONSTANT_CONVERSION = YES;
				CLANG_WARN_DIRECT_OBJC_ISA_USAGE = YES_ERROR;
				CLANG_WARN_EMPTY_BODY = YES;
				CLANG_WARN_ENUM_CONVERSION = YES;
				CLANG_WARN_INT_CONVERSION = YES;
				CLANG_WARN_OBJC_ROOT_CLASS = YES_ERROR;
				CLANG_WARN__DUPLICATE_METHOD_MATCH = YES;
				"CODE_SIGN_IDENTITY[sdk=iphoneos*]" = "iPhone Developer";
				COPY_PHASE_STRIP = NO;
				GCC_C_LANGUAGE_STANDARD = gnu99;
				GCC_DYNAMIC_NO_PIC = NO;
				GCC_OPTIMIZATION_LEVEL = 0;
				GCC_PREPROCESSOR_DEFINITIONS = (
					"DEBUG=1",
					"$(inherited)",
				);
				GCC_SYMBOLS_PRIVATE_EXTERN = NO;
				GCC_TREAT_WARNINGS_AS_ERRORS = YES;
				GCC_WARN_64_TO_32_BIT_CONVERSION = YES;
				GCC_WARN_ABOUT_RETURN_TYPE = YES_ERROR;
				GCC_WARN_UNDECLARED_SELECTOR = YES;
				GCC_WARN_UNINITIALIZED_AUTOS = YES_AGGRESSIVE;
				GCC_WARN_UNUSED_FUNCTION = YES;
				GCC_WARN_UNUSED_VARIABLE = YES;
				IPHONEOS_DEPLOYMENT_TARGET = 7.1;
				ONLY_ACTIVE_ARCH = YES;
				SDKROOT = iphoneos;
			};
			name = Debug;
		};
		C88BF3CD18EED4DC00F545A5 /* Release */ = {
			isa = XCBuildConfiguration;
			buildSettings = {
				ALWAYS_SEARCH_USER_PATHS = NO;
				CLANG_CXX_LANGUAGE_STANDARD = "gnu++0x";
				CLANG_CXX_LIBRARY = "libc++";
				CLANG_ENABLE_MODULES = NO;
				CLANG_ENABLE_OBJC_ARC = YES;
				CLANG_WARN_BOOL_CONVERSION = YES;
				CLANG_WARN_CONSTANT_CONVERSION = YES;
				CLANG_WARN_DIRECT_OBJC_ISA_USAGE = YES_ERROR;
				CLANG_WARN_EMPTY_BODY = YES;
				CLANG_WARN_ENUM_CONVERSION = YES;
				CLANG_WARN_INT_CONVERSION = YES;
				CLANG_WARN_OBJC_ROOT_CLASS = YES_ERROR;
				CLANG_WARN__DUPLICATE_METHOD_MATCH = YES;
				"CODE_SIGN_IDENTITY[sdk=iphoneos*]" = "iPhone Developer";
				COPY_PHASE_STRIP = YES;
				ENABLE_NS_ASSERTIONS = NO;
				GCC_C_LANGUAGE_STANDARD = gnu99;
				GCC_TREAT_WARNINGS_AS_ERRORS = YES;
				GCC_WARN_64_TO_32_BIT_CONVERSION = YES;
				GCC_WARN_ABOUT_RETURN_TYPE = YES_ERROR;
				GCC_WARN_UNDECLARED_SELECTOR = YES;
				GCC_WARN_UNINITIALIZED_AUTOS = YES_AGGRESSIVE;
				GCC_WARN_UNUSED_FUNCTION = YES;
				GCC_WARN_UNUSED_VARIABLE = YES;
				IPHONEOS_DEPLOYMENT_TARGET = 7.1;
				SDKROOT = iphoneos;
				VALIDATE_PRODUCT = YES;
			};
			name = Release;
		};
		C88BF3CF18EED4DC00F545A5 /* Debug */ = {
			isa = XCBuildConfiguration;
			buildSettings = {
				ASSETCATALOG_COMPILER_APPICON_NAME = AppIcon;
				ASSETCATALOG_COMPILER_LAUNCHIMAGE_NAME = LaunchImage;
				GCC_PRECOMPILE_PREFIX_HEADER = YES;
				GCC_PREFIX_HEADER = "EGSnake/EGSnake-Prefix.pch";
				INFOPLIST_FILE = "EGSnake/EGSnake-Info.plist";
				PRODUCT_NAME = "$(TARGET_NAME)";
				WRAPPER_EXTENSION = app;
			};
			name = Debug;
		};
		C88BF3D018EED4DC00F545A5 /* Release */ = {
			isa = XCBuildConfiguration;
			buildSettings = {
				ASSETCATALOG_COMPILER_APPICON_NAME = AppIcon;
				ASSETCATALOG_COMPILER_LAUNCHIMAGE_NAME = LaunchImage;
				GCC_PRECOMPILE_PREFIX_HEADER = YES;
				GCC_PREFIX_HEADER = "EGSnake/EGSnake-Prefix.pch";
				INFOPLIST_FILE = "EGSnake/EGSnake-Info.plist";
				PRODUCT_NAME = "$(TARGET_NAME)";
				WRAPPER_EXTENSION = app;
			};
			name = Release;
		};
		C88BF3D218EED4DC00F545A5 /* Debug */ = {
			isa = XCBuildConfiguration;
			baseConfigurationReference = B60045D064F6436F8EE31A32 /* Pods-EGSnakeTests.xcconfig */;
			buildSettings = {
				BUNDLE_LOADER = "$(BUILT_PRODUCTS_DIR)/EGSnake.app/EGSnake";
				FRAMEWORK_SEARCH_PATHS = (
					"$(SDKROOT)/Developer/Library/Frameworks",
					"$(inherited)",
					"$(DEVELOPER_FRAMEWORKS_DIR)",
				);
				GCC_PRECOMPILE_PREFIX_HEADER = YES;
				GCC_PREFIX_HEADER = "EGSnakeTests/EGSnakeTests-PrefixHeader.pch";
				GCC_PREPROCESSOR_DEFINITIONS = (
					"DEBUG=1",
					"$(inherited)",
				);
				INFOPLIST_FILE = "EGSnakeTests/EGSnakeTests-Info.plist";
				PRODUCT_NAME = "$(TARGET_NAME)";
				TEST_HOST = "$(BUNDLE_LOADER)";
				WRAPPER_EXTENSION = xctest;
			};
			name = Debug;
		};
		C88BF3D318EED4DC00F545A5 /* Release */ = {
			isa = XCBuildConfiguration;
			baseConfigurationReference = B60045D064F6436F8EE31A32 /* Pods-EGSnakeTests.xcconfig */;
			buildSettings = {
				BUNDLE_LOADER = "$(BUILT_PRODUCTS_DIR)/EGSnake.app/EGSnake";
				FRAMEWORK_SEARCH_PATHS = (
					"$(SDKROOT)/Developer/Library/Frameworks",
					"$(inherited)",
					"$(DEVELOPER_FRAMEWORKS_DIR)",
				);
				GCC_PRECOMPILE_PREFIX_HEADER = YES;
				GCC_PREFIX_HEADER = "EGSnakeTests/EGSnakeTests-PrefixHeader.pch";
				INFOPLIST_FILE = "EGSnakeTests/EGSnakeTests-Info.plist";
				PRODUCT_NAME = "$(TARGET_NAME)";
				TEST_HOST = "$(BUNDLE_LOADER)";
				WRAPPER_EXTENSION = xctest;
			};
			name = Release;
		};
/* End XCBuildConfiguration section */

/* Begin XCConfigurationList section */
		C88BF39D18EED4DC00F545A5 /* Build configuration list for PBXProject "EGSnake" */ = {
			isa = XCConfigurationList;
			buildConfigurations = (
				C88BF3CC18EED4DC00F545A5 /* Debug */,
				C88BF3CD18EED4DC00F545A5 /* Release */,
			);
			defaultConfigurationIsVisible = 0;
			defaultConfigurationName = Release;
		};
		C88BF3CE18EED4DC00F545A5 /* Build configuration list for PBXNativeTarget "EGSnake" */ = {
			isa = XCConfigurationList;
			buildConfigurations = (
				C88BF3CF18EED4DC00F545A5 /* Debug */,
				C88BF3D018EED4DC00F545A5 /* Release */,
			);
			defaultConfigurationIsVisible = 0;
			defaultConfigurationName = Release;
		};
		C88BF3D118EED4DC00F545A5 /* Build configuration list for PBXNativeTarget "EGSnakeTests" */ = {
			isa = XCConfigurationList;
			buildConfigurations = (
				C88BF3D218EED4DC00F545A5 /* Debug */,
				C88BF3D318EED4DC00F545A5 /* Release */,
			);
			defaultConfigurationIsVisible = 0;
			defaultConfigurationName = Release;
		};
/* End XCConfigurationList section */
	};
	rootObject = C88BF39A18EED4DC00F545A5 /* Project object */;
}
